
Microsoft Visual Studio Solution File, Format Version 12.00
# Visual Studio Version 17
VisualStudioVersion = 17.13.35931.197
MinimumVisualStudioVersion = 10.0.40219.1
Project("{FAE04EC0-301F-11D3-BF4B-00C04F79EFBC}") = "MauiApp_MinhasCompras", "MauiApp_MinhasCompras\MauiApp_MinhasCompras.csproj", "{45F15525-90CA-48DC-8DCB-982FEC2B19E0}"
EndProject
Global
	GlobalSection(SolutionConfigurationPlatforms) = preSolution
		Debug|Any CPU = Debug|Any CPU
		Release|Any CPU = Release|Any CPU
	EndGlobalSection
	GlobalSection(ProjectConfigurationPlatforms) = postSolution
		{45F15525-90CA-48DC-8DCB-982FEC2B19E0}.Debug|Any CPU.ActiveCfg = Debug|Any CPU
		{45F15525-90CA-48DC-8DCB-982FEC2B19E0}.Debug|Any CPU.Build.0 = Debug|Any CPU
		{45F15525-90CA-48DC-8DCB-982FEC2B19E0}.Debug|Any CPU.Deploy.0 = Debug|Any CPU
		{45F15525-90CA-48DC-8DCB-982FEC2B19E0}.Release|Any CPU.ActiveCfg = Release|Any CPU
		{45F15525-90CA-48DC-8DCB-982FEC2B19E0}.Release|Any CPU.Build.0 = Release|Any CPU
		{45F15525-90CA-48DC-8DCB-982FEC2B19E0}.Release|Any CPU.Deploy.0 = Release|Any CPU
	EndGlobalSection
	GlobalSection(SolutionProperties) = preSolution
		HideSolutionNode = FALSE
	EndGlobalSection
	GlobalSection(ExtensibilityGlobals) = postSolution
		SolutionGuid = {DA103E9B-40D2-4087-8F0C-5C0DF8F637BF}
	EndGlobalSection
EndGlobal
